
Microsoft Visual Studio Solution File, Format Version 12.00
# Visual Studio Version 16
VisualStudioVersion = 16.0.32602.291
MinimumVisualStudioVersion = 10.0.40219.1
Project("{9A19103F-16F7-4668-BE54-9A1E7A4F7556}") = "GameRecordingSystem", "GameRecordingSystem\GameRecordingSystem.csproj", "{7D29047C-3D01-4A3E-88B4-2848634F558B}"
EndProject
Global
	GlobalSection(SolutionConfigurationPlatforms) = preSolution
		Debug|Any CPU = Debug|Any CPU
		Release|Any CPU = Release|Any CPU
	EndGlobalSection
	GlobalSection(ProjectConfigurationPlatforms) = postSolution
		{7D29047C-3D01-4A3E-88B4-2848634F558B}.Debug|Any CPU.ActiveCfg = Debug|Any CPU
		{7D29047C-3D01-4A3E-88B4-2848634F558B}.Debug|Any CPU.Build.0 = Debug|Any CPU
		{7D29047C-3D01-4A3E-88B4-2848634F558B}.Release|Any CPU.ActiveCfg = Release|Any CPU
		{7D29047C-3D01-4A3E-88B4-2848634F558B}.Release|Any CPU.Build.0 = Release|Any CPU
	EndGlobalSection
	GlobalSection(SolutionProperties) = preSolution
		HideSolutionNode = FALSE
	EndGlobalSection
	GlobalSection(ExtensibilityGlobals) = postSolution
		SolutionGuid = {0E56D9E2-2F12-48C3-8C33-DD54072F620F}
	EndGlobalSection
EndGlobal
